
Microsoft Visual Studio Solution File, Format Version 12.00
# Visual Studio 2013
VisualStudioVersion = 12.0.30723.0
MinimumVisualStudioVersion = 10.0.40219.1
Project("{FAE04EC0-301F-11D3-BF4B-00C04F79EFBC}") = "weapp-voa-player-service", "weapp-voa-player-service\weapp-voa-player-service.csproj", "{F5B642F9-27EA-4ECA-8ED2-2290D350CA8C}"
EndProject
Global
	GlobalSection(SolutionConfigurationPlatforms) = preSolution
		Debug|Any CPU = Debug|Any CPU
		Release|Any CPU = Release|Any CPU
	EndGlobalSection
	GlobalSection(ProjectConfigurationPlatforms) = postSolution
		{F5B642F9-27EA-4ECA-8ED2-2290D350CA8C}.Debug|Any CPU.ActiveCfg = Debug|Any CPU
		{F5B642F9-27EA-4ECA-8ED2-2290D350CA8C}.Debug|Any CPU.Build.0 = Debug|Any CPU
		{F5B642F9-27EA-4ECA-8ED2-2290D350CA8C}.Release|Any CPU.ActiveCfg = Release|Any CPU
		{F5B642F9-27EA-4ECA-8ED2-2290D350CA8C}.Release|Any CPU.Build.0 = Release|Any CPU
	EndGlobalSection
	GlobalSection(SolutionProperties) = preSolution
		HideSolutionNode = FALSE
	EndGlobalSection
EndGlobal
